Microsoft Visual Studio Solution File, Format Version 12.00
# Visual Studio Version 17
VisualStudioVersion = 17.5.2.0
MinimumVisualStudioVersion = 10.0.40219.1
Project("{FAE04EC0-301F-11D3-BF4B-00C04F79EFBC}") = "onephoto", "onephoto.csproj", "{2EE186E4-3EE5-3561-A670-C8E757A7F83B}"
EndProject
Global
	GlobalSection(SolutionConfigurationPlatforms) = preSolution
		Debug|Any CPU = Debug|Any CPU
		Release|Any CPU = Release|Any CPU
	EndGlobalSection
	GlobalSection(ProjectConfigurationPlatforms) = postSolution
		{2EE186E4-3EE5-3561-A670-C8E757A7F83B}.Debug|Any CPU.ActiveCfg = Debug|Any CPU
		{2EE186E4-3EE5-3561-A670-C8E757A7F83B}.Debug|Any CPU.Build.0 = Debug|Any CPU
		{2EE186E4-3EE5-3561-A670-C8E757A7F83B}.Release|Any CPU.ActiveCfg = Release|Any CPU
		{2EE186E4-3EE5-3561-A670-C8E757A7F83B}.Release|Any CPU.Build.0 = Release|Any CPU
	EndGlobalSection
	GlobalSection(SolutionProperties) = preSolution
		HideSolutionNode = FALSE
	EndGlobalSection
	GlobalSection(ExtensibilityGlobals) = postSolution
		SolutionGuid = {812A0884-12D4-4DE2-AC26-EAD1553C2895}
	EndGlobalSection
EndGlobal
